// !$*UTF8*$!
{
	archiveVersion = 1;
	classes = {
	};
	objectVersion = 56;
	objects = {

/* Begin PBXBuildFile section */
		323647342908F8ED00795816 /* UnitConversionApp.swift in Sources */ = {isa = PBXBuildFile; fileRef = 323647332908F8ED00795816 /* UnitConversionApp.swift */; };
		323647362908F8ED00795816 /* ContentView.swift in Sources */ = {isa = PBXBuildFile; fileRef = 323647352908F8ED00795816 /* ContentView.swift */; };
		323647382908F8EE00795816 /* Assets.xcassets in Resources */ = {isa = PBXBuildFile; fileRef = 323647372908F8EE00795816 /* Assets.xcassets */; };
		3236473B2908F8EE00795816 /* Preview Assets.xcassets in Resources */ = {isa = PBXBuildFile; fileRef = 3236473A2908F8EE00795816 /* Preview Assets.xcassets */; };
		323647452908F8EE00795816 /* UnitConversionTests.swift in Sources */ = {isa = PBXBuildFile; fileRef = 323647442908F8EE00795816 /* UnitConversionTests.swift */; };
		3236474F2908F8EE00795816 /* UnitConversionUITests.swift in Sources */ = {isa = PBXBuildFile; fileRef = 3236474E2908F8EE00795816 /* UnitConversionUITests.swift */; };
		323647512908F8EE00795816 /* UnitConversionUITestsLaunchTests.swift in Sources */ = {isa = PBXBuildFile; fileRef = 323647502908F8EE00795816 /* UnitConversionUITestsLaunchTests.swift */; };
/* End PBXBuildFile section */

/* Begin PBXContainerItemProxy section */
		323647412908F8EE00795816 /* PBXContainerItemProxy */ = {
			isa = PBXContainerItemProxy;
			containerPortal = 323647282908F8ED00795816 /* Project object */;
			proxyType = 1;
			remoteGlobalIDString = 3236472F2908F8ED00795816;
			remoteInfo = UnitConversion;
		};
		3236474B2908F8EE00795816 /* PBXContainerItemProxy */ = {
			isa = PBXContainerItemProxy;
			containerPortal = 323647282908F8ED00795816 /* Project object */;
			proxyType = 1;
			remoteGlobalIDString = 3236472F2908F8ED00795816;
			remoteInfo = UnitConversion;
		};
/* End PBXContainerItemProxy section */

/* Begin PBXFileReference section */
		323647302908F8ED00795816 /* UnitConversion.app */ = {isa = PBXFileReference; explicitFileType = wrapper.application; includeInIndex = 0; path = UnitConversion.app; sourceTree = BUILT_PRODUCTS_DIR; };
		323647332908F8ED00795816 /* UnitConversionApp.swift */ = {isa = PBXFileReference; lastKnownFileType = sourcecode.swift; path = UnitConversionApp.swift; sourceTree = "<group>"; };
		323647352908F8ED00795816 /* ContentView.swift */ = {isa = PBXFileReference; lastKnownFileType = sourcecode.swift; path = ContentView.swift; sourceTree = "<group>"; };
		323647372908F8EE00795816 /* Assets.xcassets */ = {isa = PBXFileReference; lastKnownFileType = folder.assetcatalog; path = Assets.xcassets; sourceTree = "<group>"; };
		3236473A2908F8EE00795816 /* Preview Assets.xcassets */ = {isa = PBXFileReference; lastKnownFileType = folder.assetcatalog; path = "Preview Assets.xcassets"; sourceTree = "<group>"; };
		323647402908F8EE00795816 /* UnitConversionTests.xctest */ = {isa = PBXFileReference; explicitFileType = wrapper.cfbundle; includeInIndex = 0; path = UnitConversionTests.xctest; sourceTree = BUILT_PRODUCTS_DIR; };
		323647442908F8EE00795816 /* UnitConversionTests.swift */ = {isa = PBXFileReference; lastKnownFileType = sourcecode.swift; path = UnitConversionTests.swift; sourceTree = "<group>"; };
		3236474A2908F8EE00795816 /* UnitConversionUITests.xctest */ = {isa = PBXFileReference; explicitFileType = wrapper.cfbundle; includeInIndex = 0; path = UnitConversionUITests.xctest; sourceTree = BUILT_PRODUCTS_DIR; };
		3236474E2908F8EE00795816 /* UnitConversionUITests.swift */ = {isa = PBXFileReference; lastKnownFileType = sourcecode.swift; path = UnitConversionUITests.swift; sourceTree = "<group>"; };
		323647502908F8EE00795816 /* UnitConversionUITestsLaunchTests.swift */ = {isa = PBXFileReference; lastKnownFileType = sourcecode.swift; path = UnitConversionUITestsLaunchTests.swift; sourceTree = "<group>"; };
/* End PBXFileReference section */

/* Begin PBXFrameworksBuildPhase section */
		3236472D2908F8ED00795816 /* Frameworks */ = {
			isa = PBXFrameworksBuildPhase;
			buildActionMask = 2147483647;
			files = (
			);
			runOnlyForDeploymentPostprocessing = 0;
		};
		3236473D2908F8EE00795816 /* Frameworks */ = {
			isa = PBXFrameworksBuildPhase;
			buildActionMask = 2147483647;
			files = (
			);
			runOnlyForDeploymentPostprocessing = 0;
		};
		323647472908F8EE00795816 /* Frameworks */ = {
			isa = PBXFrameworksBuildPhase;
			buildActionMask = 2147483647;
			files = (
			);
			runOnlyForDeploymentPostprocessing = 0;
		};
/* End PBXFrameworksBuildPhase section */

/* Begin PBXGroup section */
		323647272908F8ED00795816 = {
			isa = PBXGroup;
			children = (
				323647322908F8ED00795816 /* UnitConversion */,
				323647432908F8EE00795816 /* UnitConversionTests */,
				3236474D2908F8EE00795816 /* UnitConversionUITests */,
				323647312908F8ED00795816 /* Products */,
			);
			sourceTree = "<group>";
		};
		323647312908F8ED00795816 /* Products */ = {
			isa = PBXGroup;
			children = (
				323647302908F8ED00795816 /* UnitConversion.app */,
				323647402908F8EE00795816 /* UnitConversionTests.xctest */,
				3236474A2908F8EE00795816 /* UnitConversionUITests.xctest */,
			);
			name = Products;
			sourceTree = "<group>";
		};
		323647322908F8ED00795816 /* UnitConversion */ = {
			isa = PBXGroup;
			children = (
				323647332908F8ED00795816 /* UnitConversionApp.swift */,
				323647352908F8ED00795816 /* ContentView.swift */,
				323647372908F8EE00795816 /* Assets.xcassets */,
				323647392908F8EE00795816 /* Preview Content */,
			);
			path = UnitConversion;
			sourceTree = "<group>";
		};
		323647392908F8EE00795816 /* Preview Content */ = {
			isa = PBXGroup;
			children = (
				3236473A2908F8EE00795816 /* Preview Assets.xcassets */,
			);
			path = "Preview Content";
			sourceTree = "<group>";
		};
		323647432908F8EE00795816 /* UnitConversionTests */ = {
			isa = PBXGroup;
			children = (
				323647442908F8EE00795816 /* UnitConversionTests.swift */,
			);
			path = UnitConversionTests;
			sourceTree = "<group>";
		};
		3236474D2908F8EE00795816 /* UnitConversionUITests */ = {
			isa = PBXGroup;
			children = (
				3236474E2908F8EE00795816 /* UnitConversionUITests.swift */,
				323647502908F8EE00795816 /* UnitConversionUITestsLaunchTests.swift */,
			);
			path = UnitConversionUITests;
			sourceTree = "<group>";
		};
/* End PBXGroup section */

/* Begin PBXNativeTarget section */
		3236472F2908F8ED00795816 /* UnitConversion */ = {
			isa = PBXNativeTarget;
			buildConfigurationList = 323647542908F8EE00795816 /* Build configuration list for PBXNativeTarget "UnitConversion" */;
			buildPhases = (
				3236472C2908F8ED00795816 /* Sources */,
				3236472D2908F8ED00795816 /* Frameworks */,
				3236472E2908F8ED00795816 /* Resources */,
			);
			buildRules = (
			);
			dependencies = (
			);
			name = UnitConversion;
			productName = UnitConversion;
			productReference = 323647302908F8ED00795816 /* UnitConversion.app */;
			productType = "com.apple.product-type.application";
		};
		3236473F2908F8EE00795816 /* UnitConversionTests */ = {
			isa = PBXNativeTarget;
			buildConfigurationList = 323647572908F8EE00795816 /* Build configuration list for PBXNativeTarget "UnitConversionTests" */;
			buildPhases = (
				3236473C2908F8EE00795816 /* Sources */,
				3236473D2908F8EE00795816 /* Frameworks */,
				3236473E2908F8EE00795816 /* Resources */,
			);
			buildRules = (
			);
			dependencies = (
				323647422908F8EE00795816 /* PBXTargetDependency */,
			);
			name = UnitConversionTests;
			productName = UnitConversionTests;
			productReference = 323647402908F8EE00795816 /* UnitConversionTests.xctest */;
			productType = "com.apple.product-type.bundle.unit-test";
		};
		323647492908F8EE00795816 /* UnitConversionUITests */ = {
			isa = PBXNativeTarget;
			buildConfigurationList = 3236475A2908F8EE00795816 /* Build configuration list for PBXNativeTarget "UnitConversionUITests" */;
			buildPhases = (
				323647462908F8EE00795816 /* Sources */,
				323647472908F8EE00795816 /* Frameworks */,
				323647482908F8EE00795816 /* Resources */,
			);
			buildRules = (
			);
			dependencies = (
				3236474C2908F8EE00795816 /* PBXTargetDependency */,
			);
			name = UnitConversionUITests;
			productName = UnitConversionUITests;
			productReference = 3236474A2908F8EE00795816 /* UnitConversionUITests.xctest */;
			productType = "com.apple.product-type.bundle.ui-testing";
		};
/* End PBXNativeTarget section */

/* Begin PBXProject section */
		323647282908F8ED00795816 /* Project object */ = {
			isa = PBXProject;
			attributes = {
				BuildIndependentTargetsInParallel = 1;
				LastSwiftUpdateCheck = 1400;
				LastUpgradeCheck = 1400;
				TargetAttributes = {
					3236472F2908F8ED00795816 = {
						CreatedOnToolsVersion = 14.0.1;
					};
					3236473F2908F8EE00795816 = {
						CreatedOnToolsVersion = 14.0.1;
						TestTargetID = 3236472F2908F8ED00795816;
					};
					323647492908F8EE00795816 = {
						CreatedOnToolsVersion = 14.0.1;
						TestTargetID = 3236472F2908F8ED00795816;
					};
				};
			};
			buildConfigurationList = 3236472B2908F8ED00795816 /* Build configuration list for PBXProject "UnitConversion" */;
			compatibilityVersion = "Xcode 14.0";
			developmentRegion = en;
			hasScannedForEncodings = 0;
			knownRegions = (
				en,
				Base,
			);
			mainGroup = 323647272908F8ED00795816;
			productRefGroup = 323647312908F8ED00795816 /* Products */;
			projectDirPath = "";
			projectRoot = "";
			targets = (
				3236472F2908F8ED00795816 /* UnitConversion */,
				3236473F2908F8EE00795816 /* UnitConversionTests */,
				323647492908F8EE00795816 /* UnitConversionUITests */,
			);
		};
/* End PBXProject section */

/* Begin PBXResourcesBuildPhase section */
		3236472E2908F8ED00795816 /* Resources */ = {
			isa = PBXResourcesBuildPhase;
			buildActionMask = 2147483647;
			files = (
				3236473B2908F8EE00795816 /* Preview Assets.xcassets in Resources */,
				323647382908F8EE00795816 /* Assets.xcassets in Resources */,
			);
			runOnlyForDeploymentPostprocessing = 0;
		};
		3236473E2908F8EE00795816 /* Resources */ = {
			isa = PBXResourcesBuildPhase;
			buildActionMask = 2147483647;
			files = (
			);
			runOnlyForDeploymentPostprocessing = 0;
		};
		323647482908F8EE00795816 /* Resources */ = {
			isa = PBXResourcesBuildPhase;
			buildActionMask = 2147483647;
			files = (
			);
			runOnlyForDeploymentPostprocessing = 0;
		};
/* End PBXResourcesBuildPhase section */

/* Begin PBXSourcesBuildPhase section */
		3236472C2908F8ED00795816 /* Sources */ = {
			isa = PBXSourcesBuildPhase;
			buildActionMask = 2147483647;
			files = (
				323647362908F8ED00795816 /* ContentView.swift in Sources */,
				323647342908F8ED00795816 /* UnitConversionApp.swift in Sources */,
			);
			runOnlyForDeploymentPostprocessing = 0;
		};
		3236473C2908F8EE00795816 /* Sources */ = {
			isa = PBXSourcesBuildPhase;
			buildActionMask = 2147483647;
			files = (
				323647452908F8EE00795816 /* UnitConversionTests.swift in Sources */,
			);
			runOnlyForDeploymentPostprocessing = 0;
		};
		323647462908F8EE00795816 /* Sources */ = {
			isa = PBXSourcesBuildPhase;
			buildActionMask = 2147483647;
			files = (
				323647512908F8EE00795816 /* UnitConversionUITestsLaunchTests.swift in Sources */,
				3236474F2908F8EE00795816 /* UnitConversionUITests.swift in Sources */,
			);
			runOnlyForDeploymentPostprocessing = 0;
		};
/* End PBXSourcesBuildPhase section */

/* Begin PBXTargetDependency section */
		323647422908F8EE00795816 /* PBXTargetDependency */ = {
			isa = PBXTargetDependency;
			target = 3236472F2908F8ED00795816 /* UnitConversion */;
			targetProxy = 323647412908F8EE00795816 /* PBXContainerItemProxy */;
		};
		3236474C2908F8EE00795816 /* PBXTargetDependency */ = {
			isa = PBXTargetDependency;
			target = 3236472F2908F8ED00795816 /* UnitConversion */;
			targetProxy = 3236474B2908F8EE00795816 /* PBXContainerItemProxy */;
		};
/* End PBXTargetDependency section */

/* Begin XCBuildConfiguration section */
		323647522908F8EE00795816 /* Debug */ = {
			isa = XCBuildConfiguration;
			buildSettings = {
				ALWAYS_SEARCH_USER_PATHS = NO;
				CLANG_ANALYZER_NONNULL = YES;
				CLANG_ANALYZER_NUMBER_OBJECT_CONVERSION = YES_AGGRESSIVE;
				CLANG_CXX_LANGUAGE_STANDARD = "gnu++20";
				CLANG_ENABLE_MODULES = YES;
				CLANG_ENABLE_OBJC_ARC = YES;
				CLANG_ENABLE_OBJC_WEAK = YES;
				CLANG_WARN_BLOCK_CAPTURE_AUTORELEASING = YES;
				CLANG_WARN_BOOL_CONVERSION = YES;
				CLANG_WARN_COMMA = YES;
				CLANG_WARN_CONSTANT_CONVERSION = YES;
				CLANG_WARN_DEPRECATED_OBJC_IMPLEMENTATIONS = YES;
				CLANG_WARN_DIRECT_OBJC_ISA_USAGE = YES_ERROR;
				CLANG_WARN_DOCUMENTATION_COMMENTS = YES;
				CLANG_WARN_EMPTY_BODY = YES;
				CLANG_WARN_ENUM_CONVERSION = YES;
				CLANG_WARN_INFINITE_RECURSION = YES;
				CLANG_WARN_INT_CONVERSION = YES;
				CLANG_WARN_NON_LITERAL_NULL_CONVERSION = YES;
				CLANG_WARN_OBJC_IMPLICIT_RETAIN_SELF = YES;
				CLANG_WARN_OBJC_LITERAL_CONVERSION = YES;
				CLANG_WARN_OBJC_ROOT_CLASS = YES_ERROR;
				CLANG_WARN_QUOTED_INCLUDE_IN_FRAMEWORK_HEADER = YES;
				CLANG_WARN_RANGE_LOOP_ANALYSIS = YES;
				CLANG_WARN_STRICT_PROTOTYPES = YES;
				CLANG_WARN_SUSPICIOUS_MOVE = YES;
				CLANG_WARN_UNGUARDED_AVAILABILITY = YES_AGGRESSIVE;
				CLANG_WARN_UNREACHABLE_CODE = YES;
				CLANG_WARN__DUPLICATE_METHOD_MATCH = YES;
				COPY_PHASE_STRIP = NO;
				DEBUG_INFORMATION_FORMAT = dwarf;
				ENABLE_STRICT_OBJC_MSGSEND = YES;
				ENABLE_TESTABILITY = YES;
				GCC_C_LANGUAGE_STANDARD = gnu11;
				GCC_DYNAMIC_NO_PIC = NO;
				GCC_NO_COMMON_BLOCKS = YES;
				GCC_OPTIMIZATION_LEVEL = 0;
				GCC_PREPROCESSOR_DEFINITIONS = (
					"DEBUG=1",
					"$(inherited)",
				);
				GCC_WARN_64_TO_32_BIT_CONVERSION = YES;
				GCC_WARN_ABOUT_RETURN_TYPE = YES_ERROR;
				GCC_WARN_UNDECLARED_SELECTOR = YES;
				GCC_WARN_UNINITIALIZED_AUTOS = YES_AGGRESSIVE;
				GCC_WARN_UNUSED_FUNCTION = YES;
				GCC_WARN_UNUSED_VARIABLE = YES;
				IPHONEOS_DEPLOYMENT_TARGET = 16.0;
				MTL_ENABLE_DEBUG_INFO = INCLUDE_SOURCE;
				MTL_FAST_MATH = YES;
				ONLY_ACTIVE_ARCH = YES;
				SDKROOT = iphoneos;
				SWIFT_ACTIVE_COMPILATION_CONDITIONS = DEBUG;
				SWIFT_OPTIMIZATION_LEVEL = "-Onone";
			};
			name = Debug;
		};
		323647532908F8EE00795816 /* Release */ = {
			isa = XCBuildConfiguration;
			buildSettings = {
				ALWAYS_SEARCH_USER_PATHS = NO;
				CLANG_ANALYZER_NONNULL = YES;
				CLANG_ANALYZER_NUMBER_OBJECT_CONVERSION = YES_AGGRESSIVE;
				CLANG_CXX_LANGUAGE_STANDARD = "gnu++20";
				CLANG_ENABLE_MODULES = YES;
				CLANG_ENABLE_OBJC_ARC = YES;
				CLANG_ENABLE_OBJC_WEAK = YES;
				CLANG_WARN_BLOCK_CAPTURE_AUTORELEASING = YES;
				CLANG_WARN_BOOL_CONVERSION = YES;
				CLANG_WARN_COMMA = YES;
				CLANG_WARN_CONSTANT_CONVERSION = YES;
				CLANG_WARN_DEPRECATED_OBJC_IMPLEMENTATIONS = YES;
				CLANG_WARN_DIRECT_OBJC_ISA_USAGE = YES_ERROR;
				CLANG_WARN_DOCUMENTATION_COMMENTS = YES;
				CLANG_WARN_EMPTY_BODY = YES;
				CLANG_WARN_ENUM_CONVERSION = YES;
				CLANG_WARN_INFINITE_RECURSION = YES;
				CLANG_WARN_INT_CONVERSION = YES;
				CLANG_WARN_NON_LITERAL_NULL_CONVERSION = YES;
				CLANG_WARN_OBJC_IMPLICIT_RETAIN_SELF = YES;
				CLANG_WARN_OBJC_LITERAL_CONVERSION = YES;
				CLANG_WARN_OBJC_ROOT_CLASS = YES_ERROR;
				CLANG_WARN_QUOTED_INCLUDE_IN_FRAMEWORK_HEADER = YES;
				CLANG_WARN_RANGE_LOOP_ANALYSIS = YES;
				CLANG_WARN_STRICT_PROTOTYPES = YES;
				CLANG_WARN_SUSPICIOUS_MOVE = YES;
				CLANG_WARN_UNGUARDED_AVAILABILITY = YES_AGGRESSIVE;
				CLANG_WARN_UNREACHABLE_CODE = YES;
				CLANG_WARN__DUPLICATE_METHOD_MATCH = YES;
				COPY_PHASE_STRIP = NO;
				DEBUG_INFORMATION_FORMAT = "dwarf-with-dsym";
				ENABLE_NS_ASSERTIONS = NO;
				ENABLE_STRICT_OBJC_MSGSEND = YES;
				GCC_C_LANGUAGE_STANDARD = gnu11;
				GCC_NO_COMMON_BLOCKS = YES;
				GCC_WARN_64_TO_32_BIT_CONVERSION = YES;
				GCC_WARN_ABOUT_RETURN_TYPE = YES_ERROR;
				GCC_WARN_UNDECLARED_SELECTOR = YES;
				GCC_WARN_UNINITIALIZED_AUTOS = YES_AGGRESSIVE;
				GCC_WARN_UNUSED_FUNCTION = YES;
				GCC_WARN_UNUSED_VARIABLE = YES;
				IPHONEOS_DEPLOYMENT_TARGET = 16.0;
				MTL_ENABLE_DEBUG_INFO = NO;
				MTL_FAST_MATH = YES;
				SDKROOT = iphoneos;
				SWIFT_COMPILATION_MODE = wholemodule;
				SWIFT_OPTIMIZATION_LEVEL = "-O";
				VALIDATE_PRODUCT = YES;
			};
			name = Release;
		};
		323647552908F8EE00795816 /* Debug */ = {
			isa = XCBuildConfiguration;
			buildSettings = {
				ASSETCATALOG_COMPILER_APPICON_NAME = AppIcon;
				ASSETCATALOG_COMPILER_GLOBAL_ACCENT_COLOR_NAME = AccentColor;
				CODE_SIGN_STYLE = Automatic;
				CURRENT_PROJECT_VERSION = 1;
				DEVELOPMENT_ASSET_PATHS = "\"UnitConversion/Preview Content\"";
				DEVELOPMENT_TEAM = 7S5KXF68WA;
				ENABLE_PREVIEWS = YES;
				GENERATE_INFOPLIST_FILE = YES;
				INFOPLIST_KEY_UIApplicationSceneManifest_Generation = YES;
				INFOPLIST_KEY_UIApplicationSupportsIndirectInputEvents = YES;
				INFOPLIST_KEY_UILaunchScreen_Generation = YES;
				INFOPLIST_KEY_UISupportedInterfaceOrientations_iPad = "UIInterfaceOrientationPortrait UIInterfaceOrientationPortraitUpsideDown UIInterfaceOrientationLandscapeLeft UIInterfaceOrientationLandscapeRight";
				INFOPLIST_KEY_UISupportedInterfaceOrientations_iPhone = "UIInterfaceOrientationPortrait UIInterfaceOrientationLandscapeLeft UIInterfaceOrientationLandscapeRight";
				LD_RUNPATH_SEARCH_PATHS = (
					"$(inherited)",
					"@executable_path/Frameworks",
				);
				MARKETING_VERSION = 1.0;
				PRODUCT_BUNDLE_IDENTIFIER = Arthur.Sh.UnitConversion;
				PRODUCT_NAME = "$(TARGET_NAME)";
				SWIFT_EMIT_LOC_STRINGS = YES;
				SWIFT_VERSION = 5.0;
				TARGETED_DEVICE_FAMILY = "1,2";
			};
			name = Debug;
		};
		323647562908F8EE00795816 /* Release */ = {
			isa = XCBuildConfiguration;
			buildSettings = {
				ASSETCATALOG_COMPILER_APPICON_NAME = AppIcon;
				ASSETCATALOG_COMPILER_GLOBAL_ACCENT_COLOR_NAME = AccentColor;
				CODE_SIGN_STYLE = Automatic;
				CURRENT_PROJECT_VERSION = 1;
				DEVELOPMENT_ASSET_PATHS = "\"UnitConversion/Preview Content\"";
				DEVELOPMENT_TEAM = 7S5KXF68WA;
				ENABLE_PREVIEWS = YES;
				GENERATE_INFOPLIST_FILE = YES;
				INFOPLIST_KEY_UIApplicationSceneManifest_Generation = YES;
				INFOPLIST_KEY_UIApplicationSupportsIndirectInputEvents = YES;
				INFOPLIST_KEY_UILaunchScreen_Generation = YES;
				INFOPLIST_KEY_UISupportedInterfaceOrientations_iPad = "UIInterfaceOrientationPortrait UIInterfaceOrientationPortraitUpsideDown UIInterfaceOrientationLandscapeLeft UIInterfaceOrientationLandscapeRight";
				INFOPLIST_KEY_UISupportedInterfaceOrientations_iPhone = "UIInterfaceOrientationPortrait UIInterfaceOrientationLandscapeLeft UIInterfaceOrientationLandscapeRight";
				LD_RUNPATH_SEARCH_PATHS = (
					"$(inherited)",
					"@executable_path/Frameworks",
				);
				MARKETING_VERSION = 1.0;
				PRODUCT_BUNDLE_IDENTIFIER = Arthur.Sh.UnitConversion;
				PRODUCT_NAME = "$(TARGET_NAME)";
				SWIFT_EMIT_LOC_STRINGS = YES;
				SWIFT_VERSION = 5.0;
				TARGETED_DEVICE_FAMILY = "1,2";
			};
			name = Release;
		};
		323647582908F8EE00795816 /* Debug */ = {
			isa = XCBuildConfiguration;
			buildSettings = {
				ALWAYS_EMBED_SWIFT_STANDARD_LIBRARIES = YES;
				BUNDLE_LOADER = "$(TEST_HOST)";
				CODE_SIGN_STYLE = Automatic;
				CURRENT_PROJECT_VERSION = 1;
				DEVELOPMENT_TEAM = 7S5KXF68WA;
				GENERATE_INFOPLIST_FILE = YES;
				IPHONEOS_DEPLOYMENT_TARGET = 16.0;
				MARKETING_VERSION = 1.0;
				PRODUCT_BUNDLE_IDENTIFIER = Arthur.Sh.UnitConversionTests;
				PRODUCT_NAME = "$(TARGET_NAME)";
				SWIFT_EMIT_LOC_STRINGS = NO;
				SWIFT_VERSION = 5.0;
				TARGETED_DEVICE_FAMILY = "1,2";
				TEST_HOST = "$(BUILT_PRODUCTS_DIR)/UnitConversion.app/$(BUNDLE_EXECUTABLE_FOLDER_PATH)/UnitConversion";
			};
			name = Debug;
		};
		323647592908F8EE00795816 /* Release */ = {
			isa = XCBuildConfiguration;
			buildSettings = {
				ALWAYS_EMBED_SWIFT_STANDARD_LIBRARIES = YES;
				BUNDLE_LOADER = "$(TEST_HOST)";
				CODE_SIGN_STYLE = Automatic;
				CURRENT_PROJECT_VERSION = 1;
				DEVELOPMENT_TEAM = 7S5KXF68WA;
				GENERATE_INFOPLIST_FILE = YES;
				IPHONEOS_DEPLOYMENT_TARGET = 16.0;
				MARKETING_VERSION = 1.0;
				PRODUCT_BUNDLE_IDENTIFIER = Arthur.Sh.UnitConversionTests;
				PRODUCT_NAME = "$(TARGET_NAME)";
				SWIFT_EMIT_LOC_STRINGS = NO;
				SWIFT_VERSION = 5.0;
				TARGETED_DEVICE_FAMILY = "1,2";
				TEST_HOST = "$(BUILT_PRODUCTS_DIR)/UnitConversion.app/$(BUNDLE_EXECUTABLE_FOLDER_PATH)/UnitConversion";
			};
			name = Release;
		};
		3236475B2908F8EE00795816 /* Debug */ = {
			isa = XCBuildConfiguration;
			buildSettings = {
				ALWAYS_EMBED_SWIFT_STANDARD_LIBRARIES = YES;
				CODE_SIGN_STYLE = Automatic;
				CURRENT_PROJECT_VERSION = 1;
				DEVELOPMENT_TEAM = 7S5KXF68WA;
				GENERATE_INFOPLIST_FILE = YES;
				MARKETING_VERSION = 1.0;
				PRODUCT_BUNDLE_IDENTIFIER = Arthur.Sh.UnitConversionUITests;
				PRODUCT_NAME = "$(TARGET_NAME)";
				SWIFT_EMIT_LOC_STRINGS = NO;
				SWIFT_VERSION = 5.0;
				TARGETED_DEVICE_FAMILY = "1,2";
				TEST_TARGET_NAME = UnitConversion;
			};
			name = Debug;
		};
		3236475C2908F8EE00795816 /* Release */ = {
			isa = XCBuildConfiguration;
			buildSettings = {
				ALWAYS_EMBED_SWIFT_STANDARD_LIBRARIES = YES;
				CODE_SIGN_STYLE = Automatic;
				CURRENT_PROJECT_VERSION = 1;
				DEVELOPMENT_TEAM = 7S5KXF68WA;
				GENERATE_INFOPLIST_FILE = YES;
				MARKETING_VERSION = 1.0;
				PRODUCT_BUNDLE_IDENTIFIER = Arthur.Sh.UnitConversionUITests;
				PRODUCT_NAME = "$(TARGET_NAME)";
				SWIFT_EMIT_LOC_STRINGS = NO;
				SWIFT_VERSION = 5.0;
				TARGETED_DEVICE_FAMILY = "1,2";
				TEST_TARGET_NAME = UnitConversion;
			};
			name = Release;
		};
/* End XCBuildConfiguration section */

/* Begin XCConfigurationList section */
		3236472B2908F8ED00795816 /* Build configuration list for PBXProject "UnitConversion" */ = {
			isa = XCConfigurationList;
			buildConfigurations = (
				323647522908F8EE00795816 /* Debug */,
				323647532908F8EE00795816 /* Release */,
			);
			defaultConfigurationIsVisible = 0;
			defaultConfigurationName = Release;
		};
		323647542908F8EE00795816 /* Build configuration list for PBXNativeTarget "UnitConversion" */ = {
			isa = XCConfigurationList;
			buildConfigurations = (
				323647552908F8EE00795816 /* Debug */,
				323647562908F8EE00795816 /* Release */,
			);
			defaultConfigurationIsVisible = 0;
			defaultConfigurationName = Release;
		};
		323647572908F8EE00795816 /* Build configuration list for PBXNativeTarget "UnitConversionTests" */ = {
			isa = XCConfigurationList;
			buildConfigurations = (
				323647582908F8EE00795816 /* Debug */,
				323647592908F8EE00795816 /* Release */,
			);
			defaultConfigurationIsVisible = 0;
			defaultConfigurationName = Release;
		};
		3236475A2908F8EE00795816 /* Build configuration list for PBXNativeTarget "UnitConversionUITests" */ = {
			isa = XCConfigurationList;
			buildConfigurations = (
				3236475B2908F8EE00795816 /* Debug */,
				3236475C2908F8EE00795816 /* Release */,
			);
			defaultConfigurationIsVisible = 0;
			defaultConfigurationName = Release;
		};
/* End XCConfigurationList section */
	};
	rootObject = 323647282908F8ED00795816 /* Project object */;
}
